
Microsoft Visual Studio Solution File, Format Version 12.00
# Visual Studio Version 16
VisualStudioVersion = 16.0.31005.135
MinimumVisualStudioVersion = 10.0.40219.1
Project("{FAE04EC0-301F-11D3-BF4B-00C04F79EFBC}") = "ShoppingCart", "ShoppingCart\ShoppingCart.csproj", "{00969032-CD52-44C9-8593-DDEF3F98514C}"
EndProject
Global
	GlobalSection(SolutionConfigurationPlatforms) = preSolution
		Debug|Any CPU = Debug|Any CPU
		Release|Any CPU = Release|Any CPU
	EndGlobalSection
	GlobalSection(ProjectConfigurationPlatforms) = postSolution
		{00969032-CD52-44C9-8593-DDEF3F98514C}.Debug|Any CPU.ActiveCfg = Debug|Any CPU
		{00969032-CD52-44C9-8593-DDEF3F98514C}.Debug|Any CPU.Build.0 = Debug|Any CPU
		{00969032-CD52-44C9-8593-DDEF3F98514C}.Release|Any CPU.ActiveCfg = Release|Any CPU
		{00969032-CD52-44C9-8593-DDEF3F98514C}.Release|Any CPU.Build.0 = Release|Any CPU
	EndGlobalSection
	GlobalSection(SolutionProperties) = preSolution
		HideSolutionNode = FALSE
	EndGlobalSection
	GlobalSection(ExtensibilityGlobals) = postSolution
		SolutionGuid = {EA1058E8-EDE7-4C06-94F1-AE4FC6691AB0}
	EndGlobalSection
EndGlobal
